
Microsoft Visual Studio Solution File, Format Version 12.00
# Visual Studio 15
VisualStudioVersion = 15.0.27130.2027
MinimumVisualStudioVersion = 10.0.40219.1
Project("{8BC9CEB8-8B4A-11D0-8D11-00A0C91BC942}") = "DataStructure", "DataStructure\DataStructure.vcxproj", "{67A68099-68B2-47C0-B712-844036E82794}"
EndProject
Global
	GlobalSection(SolutionConfigurationPlatforms) = preSolution
		Debug|x64 = Debug|x64
		Debug|x86 = Debug|x86
		Release|x64 = Release|x64
		Release|x86 = Release|x86
	EndGlobalSection
	GlobalSection(ProjectConfigurationPlatforms) = postSolution
		{67A68099-68B2-47C0-B712-844036E82794}.Debug|x64.ActiveCfg = Debug|x64
		{67A68099-68B2-47C0-B712-844036E82794}.Debug|x64.Build.0 = Debug|x64
		{67A68099-68B2-47C0-B712-844036E82794}.Debug|x86.ActiveCfg = Debug|Win32
		{67A68099-68B2-47C0-B712-844036E82794}.Debug|x86.Build.0 = Debug|Win32
		{67A68099-68B2-47C0-B712-844036E82794}.Release|x64.ActiveCfg = Release|x64
		{67A68099-68B2-47C0-B712-844036E82794}.Release|x64.Build.0 = Release|x64
		{67A68099-68B2-47C0-B712-844036E82794}.Release|x86.ActiveCfg = Release|Win32
		{67A68099-68B2-47C0-B712-844036E82794}.Release|x86.Build.0 = Release|Win32
	EndGlobalSection
	GlobalSection(SolutionProperties) = preSolution
		HideSolutionNode = FALSE
	EndGlobalSection
	GlobalSection(ExtensibilityGlobals) = postSolution
		SolutionGuid = {6491E14D-781A-4B03-98F0-E2F2B9A18C81}
	EndGlobalSection
EndGlobal
