
Microsoft Visual Studio Solution File, Format Version 12.00
# Visual Studio 15
VisualStudioVersion = 15.0.27130.2027
MinimumVisualStudioVersion = 10.0.40219.1
Project("{8BC9CEB8-8B4A-11D0-8D11-00A0C91BC942}") = "Boost", "Boost\Boost.vcxproj", "{638EE501-1E04-4072-8B23-E6609962A0D7}"
EndProject
Global
	GlobalSection(SolutionConfigurationPlatforms) = preSolution
		Debug|x64 = Debug|x64
		Debug|x86 = Debug|x86
		Release|x64 = Release|x64
		Release|x86 = Release|x86
	EndGlobalSection
	GlobalSection(ProjectConfigurationPlatforms) = postSolution
		{638EE501-1E04-4072-8B23-E6609962A0D7}.Debug|x64.ActiveCfg = Debug|x64
		{638EE501-1E04-4072-8B23-E6609962A0D7}.Debug|x64.Build.0 = Debug|x64
		{638EE501-1E04-4072-8B23-E6609962A0D7}.Debug|x86.ActiveCfg = Debug|Win32
		{638EE501-1E04-4072-8B23-E6609962A0D7}.Debug|x86.Build.0 = Debug|Win32
		{638EE501-1E04-4072-8B23-E6609962A0D7}.Release|x64.ActiveCfg = Release|x64
		{638EE501-1E04-4072-8B23-E6609962A0D7}.Release|x64.Build.0 = Release|x64
		{638EE501-1E04-4072-8B23-E6609962A0D7}.Release|x86.ActiveCfg = Release|Win32
		{638EE501-1E04-4072-8B23-E6609962A0D7}.Release|x86.Build.0 = Release|Win32
	EndGlobalSection
	GlobalSection(SolutionProperties) = preSolution
		HideSolutionNode = FALSE
	EndGlobalSection
	GlobalSection(ExtensibilityGlobals) = postSolution
		SolutionGuid = {C7E68A24-8D3F-4879-ACAD-240EF23B37BC}
	EndGlobalSection
EndGlobal
