
Microsoft Visual Studio Solution File, Format Version 12.00
# Visual Studio 15
VisualStudioVersion = 15.0.27130.2027
MinimumVisualStudioVersion = 10.0.40219.1
Project("{8BC9CEB8-8B4A-11D0-8D11-00A0C91BC942}") = "Polymorphism", "Polymorphism\Polymorphism.vcxproj", "{8F6F0F8B-7BDF-4170-9440-3B2C48F56CA7}"
EndProject
Global
	GlobalSection(SolutionConfigurationPlatforms) = preSolution
		Debug|x64 = Debug|x64
		Debug|x86 = Debug|x86
		Release|x64 = Release|x64
		Release|x86 = Release|x86
	EndGlobalSection
	GlobalSection(ProjectConfigurationPlatforms) = postSolution
		{8F6F0F8B-7BDF-4170-9440-3B2C48F56CA7}.Debug|x64.ActiveCfg = Debug|x64
		{8F6F0F8B-7BDF-4170-9440-3B2C48F56CA7}.Debug|x64.Build.0 = Debug|x64
		{8F6F0F8B-7BDF-4170-9440-3B2C48F56CA7}.Debug|x86.ActiveCfg = Debug|Win32
		{8F6F0F8B-7BDF-4170-9440-3B2C48F56CA7}.Debug|x86.Build.0 = Debug|Win32
		{8F6F0F8B-7BDF-4170-9440-3B2C48F56CA7}.Release|x64.ActiveCfg = Release|x64
		{8F6F0F8B-7BDF-4170-9440-3B2C48F56CA7}.Release|x64.Build.0 = Release|x64
		{8F6F0F8B-7BDF-4170-9440-3B2C48F56CA7}.Release|x86.ActiveCfg = Release|Win32
		{8F6F0F8B-7BDF-4170-9440-3B2C48F56CA7}.Release|x86.Build.0 = Release|Win32
	EndGlobalSection
	GlobalSection(SolutionProperties) = preSolution
		HideSolutionNode = FALSE
	EndGlobalSection
	GlobalSection(ExtensibilityGlobals) = postSolution
		SolutionGuid = {090C1DAA-59F4-4F55-BA84-7F2CE8A7812C}
	EndGlobalSection
EndGlobal
