
Microsoft Visual Studio Solution File, Format Version 12.00
# Visual Studio 15
VisualStudioVersion = 15.0.27130.2027
MinimumVisualStudioVersion = 10.0.40219.1
Project("{8BC9CEB8-8B4A-11D0-8D11-00A0C91BC942}") = "Class", "Class\Class.vcxproj", "{A5654C1B-1606-49B3-A95D-43ED077E44AC}"
EndProject
Global
	GlobalSection(SolutionConfigurationPlatforms) = preSolution
		Debug|x64 = Debug|x64
		Debug|x86 = Debug|x86
		Release|x64 = Release|x64
		Release|x86 = Release|x86
	EndGlobalSection
	GlobalSection(ProjectConfigurationPlatforms) = postSolution
		{A5654C1B-1606-49B3-A95D-43ED077E44AC}.Debug|x64.ActiveCfg = Debug|x64
		{A5654C1B-1606-49B3-A95D-43ED077E44AC}.Debug|x64.Build.0 = Debug|x64
		{A5654C1B-1606-49B3-A95D-43ED077E44AC}.Debug|x86.ActiveCfg = Debug|Win32
		{A5654C1B-1606-49B3-A95D-43ED077E44AC}.Debug|x86.Build.0 = Debug|Win32
		{A5654C1B-1606-49B3-A95D-43ED077E44AC}.Release|x64.ActiveCfg = Release|x64
		{A5654C1B-1606-49B3-A95D-43ED077E44AC}.Release|x64.Build.0 = Release|x64
		{A5654C1B-1606-49B3-A95D-43ED077E44AC}.Release|x86.ActiveCfg = Release|Win32
		{A5654C1B-1606-49B3-A95D-43ED077E44AC}.Release|x86.Build.0 = Release|Win32
	EndGlobalSection
	GlobalSection(SolutionProperties) = preSolution
		HideSolutionNode = FALSE
	EndGlobalSection
	GlobalSection(ExtensibilityGlobals) = postSolution
		SolutionGuid = {D3F451D6-5A9A-41EF-A835-6F8D8CF74493}
	EndGlobalSection
EndGlobal
